
Microsoft Visual Studio Solution File, Format Version 12.00
# Visual Studio 2012
Project("{FAE04EC0-301F-11D3-BF4B-00C04F79EFBC}") = "PlatformLib", "PlatformLib\PlatformLib.csproj", "{AFAB6726-1941-419C-B964-FA7978BB7B17}"
EndProject
Project("{FAE04EC0-301F-11D3-BF4B-00C04F79EFBC}") = "InfoWebInterface", "InfoWebInterface\InfoWebInterface.csproj", "{ADA02F5A-A2A1-483F-87BA-553C31B9AFAF}"
EndProject
Project("{FAE04EC0-301F-11D3-BF4B-00C04F79EFBC}") = "SLEWebService", "SLEWebService\SLEWebService.csproj", "{A8BCAC74-AD5C-47C6-AF26-C8FA51E85270}"
EndProject
Global
	GlobalSection(SolutionConfigurationPlatforms) = preSolution
		Debug|Any CPU = Debug|Any CPU
		Debug|Mixed Platforms = Debug|Mixed Platforms
		Debug|x86 = Debug|x86
		Release|Any CPU = Release|Any CPU
		Release|Mixed Platforms = Release|Mixed Platforms
		Release|x86 = Release|x86
	EndGlobalSection
	GlobalSection(ProjectConfigurationPlatforms) = postSolution
		{AFAB6726-1941-419C-B964-FA7978BB7B17}.Debug|Any CPU.ActiveCfg = Debug|Any CPU
		{AFAB6726-1941-419C-B964-FA7978BB7B17}.Debug|Any CPU.Build.0 = Debug|Any CPU
		{AFAB6726-1941-419C-B964-FA7978BB7B17}.Debug|Mixed Platforms.ActiveCfg = Debug|Any CPU
		{AFAB6726-1941-419C-B964-FA7978BB7B17}.Debug|Mixed Platforms.Build.0 = Debug|Any CPU
		{AFAB6726-1941-419C-B964-FA7978BB7B17}.Debug|x86.ActiveCfg = Debug|Any CPU
		{AFAB6726-1941-419C-B964-FA7978BB7B17}.Release|Any CPU.ActiveCfg = Release|Any CPU
		{AFAB6726-1941-419C-B964-FA7978BB7B17}.Release|Any CPU.Build.0 = Release|Any CPU
		{AFAB6726-1941-419C-B964-FA7978BB7B17}.Release|Mixed Platforms.ActiveCfg = Release|Any CPU
		{AFAB6726-1941-419C-B964-FA7978BB7B17}.Release|Mixed Platforms.Build.0 = Release|Any CPU
		{AFAB6726-1941-419C-B964-FA7978BB7B17}.Release|x86.ActiveCfg = Release|Any CPU
		{ADA02F5A-A2A1-483F-87BA-553C31B9AFAF}.Debug|Any CPU.ActiveCfg = Debug|Any CPU
		{ADA02F5A-A2A1-483F-87BA-553C31B9AFAF}.Debug|Any CPU.Build.0 = Debug|Any CPU
		{ADA02F5A-A2A1-483F-87BA-553C31B9AFAF}.Debug|Mixed Platforms.ActiveCfg = Debug|Any CPU
		{ADA02F5A-A2A1-483F-87BA-553C31B9AFAF}.Debug|Mixed Platforms.Build.0 = Debug|Any CPU
		{ADA02F5A-A2A1-483F-87BA-553C31B9AFAF}.Debug|x86.ActiveCfg = Debug|Any CPU
		{ADA02F5A-A2A1-483F-87BA-553C31B9AFAF}.Release|Any CPU.ActiveCfg = Release|Any CPU
		{ADA02F5A-A2A1-483F-87BA-553C31B9AFAF}.Release|Any CPU.Build.0 = Release|Any CPU
		{ADA02F5A-A2A1-483F-87BA-553C31B9AFAF}.Release|Mixed Platforms.ActiveCfg = Release|Any CPU
		{ADA02F5A-A2A1-483F-87BA-553C31B9AFAF}.Release|Mixed Platforms.Build.0 = Release|Any CPU
		{ADA02F5A-A2A1-483F-87BA-553C31B9AFAF}.Release|x86.ActiveCfg = Release|Any CPU
		{A8BCAC74-AD5C-47C6-AF26-C8FA51E85270}.Debug|Any CPU.ActiveCfg = Debug|Any CPU
		{A8BCAC74-AD5C-47C6-AF26-C8FA51E85270}.Debug|Any CPU.Build.0 = Debug|Any CPU
		{A8BCAC74-AD5C-47C6-AF26-C8FA51E85270}.Debug|Mixed Platforms.ActiveCfg = Debug|Any CPU
		{A8BCAC74-AD5C-47C6-AF26-C8FA51E85270}.Debug|Mixed Platforms.Build.0 = Debug|Any CPU
		{A8BCAC74-AD5C-47C6-AF26-C8FA51E85270}.Debug|x86.ActiveCfg = Debug|Any CPU
		{A8BCAC74-AD5C-47C6-AF26-C8FA51E85270}.Release|Any CPU.ActiveCfg = Release|Any CPU
		{A8BCAC74-AD5C-47C6-AF26-C8FA51E85270}.Release|Any CPU.Build.0 = Release|Any CPU
		{A8BCAC74-AD5C-47C6-AF26-C8FA51E85270}.Release|Mixed Platforms.ActiveCfg = Release|Any CPU
		{A8BCAC74-AD5C-47C6-AF26-C8FA51E85270}.Release|Mixed Platforms.Build.0 = Release|Any CPU
		{A8BCAC74-AD5C-47C6-AF26-C8FA51E85270}.Release|x86.ActiveCfg = Release|Any CPU
	EndGlobalSection
	GlobalSection(SolutionProperties) = preSolution
		HideSolutionNode = FALSE
	EndGlobalSection
EndGlobal
